
Microsoft Visual Studio Solution File, Format Version 12.00
# Visual Studio 15
VisualStudioVersion = 15.0.27703.2047
MinimumVisualStudioVersion = 10.0.40219.1
Project("{FAE04EC0-301F-11D3-BF4B-00C04F79EFBC}") = "Entidades", "Entidades\Entidades.csproj", "{40C7510F-882B-4E9D-BBBA-CEF1B71B1C6B}"
EndProject
Project("{FAE04EC0-301F-11D3-BF4B-00C04F79EFBC}") = "Test", "Test\Test.csproj", "{DFD70C8D-3CCF-49CC-B339-CD0F593E9B1A}"
EndProject
Global
	GlobalSection(SolutionConfigurationPlatforms) = preSolution
		Debug|Any CPU = Debug|Any CPU
		Release|Any CPU = Release|Any CPU
	EndGlobalSection
	GlobalSection(ProjectConfigurationPlatforms) = postSolution
		{40C7510F-882B-4E9D-BBBA-CEF1B71B1C6B}.Debug|Any CPU.ActiveCfg = Debug|Any CPU
		{40C7510F-882B-4E9D-BBBA-CEF1B71B1C6B}.Debug|Any CPU.Build.0 = Debug|Any CPU
		{40C7510F-882B-4E9D-BBBA-CEF1B71B1C6B}.Release|Any CPU.ActiveCfg = Release|Any CPU
		{40C7510F-882B-4E9D-BBBA-CEF1B71B1C6B}.Release|Any CPU.Build.0 = Release|Any CPU
		{DFD70C8D-3CCF-49CC-B339-CD0F593E9B1A}.Debug|Any CPU.ActiveCfg = Debug|Any CPU
		{DFD70C8D-3CCF-49CC-B339-CD0F593E9B1A}.Debug|Any CPU.Build.0 = Debug|Any CPU
		{DFD70C8D-3CCF-49CC-B339-CD0F593E9B1A}.Release|Any CPU.ActiveCfg = Release|Any CPU
		{DFD70C8D-3CCF-49CC-B339-CD0F593E9B1A}.Release|Any CPU.Build.0 = Release|Any CPU
	EndGlobalSection
	GlobalSection(SolutionProperties) = preSolution
		HideSolutionNode = FALSE
	EndGlobalSection
	GlobalSection(ExtensibilityGlobals) = postSolution
		SolutionGuid = {D6883B5F-4508-4AD1-A2D4-FB91FBC6A8CB}
	EndGlobalSection
EndGlobal
