
Microsoft Visual Studio Solution File, Format Version 12.00
# Visual Studio 15
VisualStudioVersion = 15.0.27703.2047
MinimumVisualStudioVersion = 10.0.40219.1
Project("{FAE04EC0-301F-11D3-BF4B-00C04F79EFBC}") = "Ejercicio 68", "Ejercicio 68\Ejercicio 68.csproj", "{812AE63A-D16D-4AA9-BABB-CB634530DC1B}"
EndProject
Project("{FAE04EC0-301F-11D3-BF4B-00C04F79EFBC}") = "Entidades", "Entidades\Entidades.csproj", "{96E74ABA-E185-40CA-A7C2-9D5DC2D10AAF}"
EndProject
Global
	GlobalSection(SolutionConfigurationPlatforms) = preSolution
		Debug|Any CPU = Debug|Any CPU
		Release|Any CPU = Release|Any CPU
	EndGlobalSection
	GlobalSection(ProjectConfigurationPlatforms) = postSolution
		{812AE63A-D16D-4AA9-BABB-CB634530DC1B}.Debug|Any CPU.ActiveCfg = Debug|Any CPU
		{812AE63A-D16D-4AA9-BABB-CB634530DC1B}.Debug|Any CPU.Build.0 = Debug|Any CPU
		{812AE63A-D16D-4AA9-BABB-CB634530DC1B}.Release|Any CPU.ActiveCfg = Release|Any CPU
		{812AE63A-D16D-4AA9-BABB-CB634530DC1B}.Release|Any CPU.Build.0 = Release|Any CPU
		{96E74ABA-E185-40CA-A7C2-9D5DC2D10AAF}.Debug|Any CPU.ActiveCfg = Debug|Any CPU
		{96E74ABA-E185-40CA-A7C2-9D5DC2D10AAF}.Debug|Any CPU.Build.0 = Debug|Any CPU
		{96E74ABA-E185-40CA-A7C2-9D5DC2D10AAF}.Release|Any CPU.ActiveCfg = Release|Any CPU
		{96E74ABA-E185-40CA-A7C2-9D5DC2D10AAF}.Release|Any CPU.Build.0 = Release|Any CPU
	EndGlobalSection
	GlobalSection(SolutionProperties) = preSolution
		HideSolutionNode = FALSE
	EndGlobalSection
	GlobalSection(ExtensibilityGlobals) = postSolution
		SolutionGuid = {A99A827F-BBCB-4D56-8A9C-C9CB78DF93F4}
	EndGlobalSection
EndGlobal
