
Microsoft Visual Studio Solution File, Format Version 12.00
# Visual Studio 15
VisualStudioVersion = 15.0.27703.2047
MinimumVisualStudioVersion = 10.0.40219.1
Project("{FAE04EC0-301F-11D3-BF4B-00C04F79EFBC}") = "Ejercicio31", "Ejercicio31\Ejercicio31.csproj", "{9E89A119-E0B7-4D9B-936C-6C085CBC2D91}"
EndProject
Global
	GlobalSection(SolutionConfigurationPlatforms) = preSolution
		Debug|Any CPU = Debug|Any CPU
		Release|Any CPU = Release|Any CPU
	EndGlobalSection
	GlobalSection(ProjectConfigurationPlatforms) = postSolution
		{9E89A119-E0B7-4D9B-936C-6C085CBC2D91}.Debug|Any CPU.ActiveCfg = Debug|Any CPU
		{9E89A119-E0B7-4D9B-936C-6C085CBC2D91}.Debug|Any CPU.Build.0 = Debug|Any CPU
		{9E89A119-E0B7-4D9B-936C-6C085CBC2D91}.Release|Any CPU.ActiveCfg = Release|Any CPU
		{9E89A119-E0B7-4D9B-936C-6C085CBC2D91}.Release|Any CPU.Build.0 = Release|Any CPU
	EndGlobalSection
	GlobalSection(SolutionProperties) = preSolution
		HideSolutionNode = FALSE
	EndGlobalSection
	GlobalSection(ExtensibilityGlobals) = postSolution
		SolutionGuid = {72C4A854-BD5E-4BC2-8B87-AB530912CC55}
	EndGlobalSection
EndGlobal
