
Microsoft Visual Studio Solution File, Format Version 12.00
# Visual Studio Version 16
VisualStudioVersion = 16.0.29215.179
MinimumVisualStudioVersion = 10.0.40219.1
Project("{FAE04EC0-301F-11D3-BF4B-00C04F79EFBC}") = "Consola", "Consola\Consola.csproj", "{573EF984-E05A-4BD6-ACE2-DC7BBBCBEC12}"
EndProject
Global
	GlobalSection(SolutionConfigurationPlatforms) = preSolution
		Debug|Any CPU = Debug|Any CPU
		Release|Any CPU = Release|Any CPU
	EndGlobalSection
	GlobalSection(ProjectConfigurationPlatforms) = postSolution
		{573EF984-E05A-4BD6-ACE2-DC7BBBCBEC12}.Debug|Any CPU.ActiveCfg = Debug|Any CPU
		{573EF984-E05A-4BD6-ACE2-DC7BBBCBEC12}.Debug|Any CPU.Build.0 = Debug|Any CPU
		{573EF984-E05A-4BD6-ACE2-DC7BBBCBEC12}.Release|Any CPU.ActiveCfg = Release|Any CPU
		{573EF984-E05A-4BD6-ACE2-DC7BBBCBEC12}.Release|Any CPU.Build.0 = Release|Any CPU
	EndGlobalSection
	GlobalSection(SolutionProperties) = preSolution
		HideSolutionNode = FALSE
	EndGlobalSection
	GlobalSection(ExtensibilityGlobals) = postSolution
		SolutionGuid = {A0C7AB81-14A9-4794-BC9B-D5297752E02B}
	EndGlobalSection
EndGlobal
