
Microsoft Visual Studio Solution File, Format Version 12.00
# Visual Studio Version 16
VisualStudioVersion = 16.0.29215.179
MinimumVisualStudioVersion = 10.0.40219.1
Project("{FAE04EC0-301F-11D3-BF4B-00C04F79EFBC}") = "CentralitaHerencia", "CentralitaHerencia\CentralitaHerencia.csproj", "{3E1765F6-6AE4-4BE9-BEA4-06FA225E8BFA}"
EndProject
Project("{FAE04EC0-301F-11D3-BF4B-00C04F79EFBC}") = "Test", "Test\Test.csproj", "{2A75D51A-0FBE-40F3-A777-9AA7B46F7502}"
EndProject
Project("{FAE04EC0-301F-11D3-BF4B-00C04F79EFBC}") = "VistaForm", "VistaForm\VistaForm.csproj", "{6BFC26E1-80FF-4FC4-AC2D-9985EA147FFC}"
EndProject
Global
	GlobalSection(SolutionConfigurationPlatforms) = preSolution
		Debug|Any CPU = Debug|Any CPU
		Release|Any CPU = Release|Any CPU
	EndGlobalSection
	GlobalSection(ProjectConfigurationPlatforms) = postSolution
		{3E1765F6-6AE4-4BE9-BEA4-06FA225E8BFA}.Debug|Any CPU.ActiveCfg = Debug|Any CPU
		{3E1765F6-6AE4-4BE9-BEA4-06FA225E8BFA}.Debug|Any CPU.Build.0 = Debug|Any CPU
		{3E1765F6-6AE4-4BE9-BEA4-06FA225E8BFA}.Release|Any CPU.ActiveCfg = Release|Any CPU
		{3E1765F6-6AE4-4BE9-BEA4-06FA225E8BFA}.Release|Any CPU.Build.0 = Release|Any CPU
		{2A75D51A-0FBE-40F3-A777-9AA7B46F7502}.Debug|Any CPU.ActiveCfg = Debug|Any CPU
		{2A75D51A-0FBE-40F3-A777-9AA7B46F7502}.Debug|Any CPU.Build.0 = Debug|Any CPU
		{2A75D51A-0FBE-40F3-A777-9AA7B46F7502}.Release|Any CPU.ActiveCfg = Release|Any CPU
		{2A75D51A-0FBE-40F3-A777-9AA7B46F7502}.Release|Any CPU.Build.0 = Release|Any CPU
		{6BFC26E1-80FF-4FC4-AC2D-9985EA147FFC}.Debug|Any CPU.ActiveCfg = Debug|Any CPU
		{6BFC26E1-80FF-4FC4-AC2D-9985EA147FFC}.Debug|Any CPU.Build.0 = Debug|Any CPU
		{6BFC26E1-80FF-4FC4-AC2D-9985EA147FFC}.Release|Any CPU.ActiveCfg = Release|Any CPU
		{6BFC26E1-80FF-4FC4-AC2D-9985EA147FFC}.Release|Any CPU.Build.0 = Release|Any CPU
	EndGlobalSection
	GlobalSection(SolutionProperties) = preSolution
		HideSolutionNode = FALSE
	EndGlobalSection
	GlobalSection(ExtensibilityGlobals) = postSolution
		SolutionGuid = {4B5A1A62-5783-4D04-BDDE-04C7F2DCC0D2}
	EndGlobalSection
EndGlobal
