
Microsoft Visual Studio Solution File, Format Version 12.00
# Visual Studio 15
VisualStudioVersion = 15.0.27703.2047
MinimumVisualStudioVersion = 10.0.40219.1
Project("{FAE04EC0-301F-11D3-BF4B-00C04F79EFBC}") = "Salida", "Salida\Salida.csproj", "{5CB8EE1B-E1AD-4BB9-8DF5-6C86CB243181}"
EndProject
Project("{FAE04EC0-301F-11D3-BF4B-00C04F79EFBC}") = "MetodosExtendidos", "ClassLibrary1\MetodosExtendidos.csproj", "{9C8A619D-3303-431C-97E6-41B7F8A5CEFC}"
EndProject
Global
	GlobalSection(SolutionConfigurationPlatforms) = preSolution
		Debug|Any CPU = Debug|Any CPU
		Release|Any CPU = Release|Any CPU
	EndGlobalSection
	GlobalSection(ProjectConfigurationPlatforms) = postSolution
		{5CB8EE1B-E1AD-4BB9-8DF5-6C86CB243181}.Debug|Any CPU.ActiveCfg = Debug|Any CPU
		{5CB8EE1B-E1AD-4BB9-8DF5-6C86CB243181}.Debug|Any CPU.Build.0 = Debug|Any CPU
		{5CB8EE1B-E1AD-4BB9-8DF5-6C86CB243181}.Release|Any CPU.ActiveCfg = Release|Any CPU
		{5CB8EE1B-E1AD-4BB9-8DF5-6C86CB243181}.Release|Any CPU.Build.0 = Release|Any CPU
		{9C8A619D-3303-431C-97E6-41B7F8A5CEFC}.Debug|Any CPU.ActiveCfg = Debug|Any CPU
		{9C8A619D-3303-431C-97E6-41B7F8A5CEFC}.Debug|Any CPU.Build.0 = Debug|Any CPU
		{9C8A619D-3303-431C-97E6-41B7F8A5CEFC}.Release|Any CPU.ActiveCfg = Release|Any CPU
		{9C8A619D-3303-431C-97E6-41B7F8A5CEFC}.Release|Any CPU.Build.0 = Release|Any CPU
	EndGlobalSection
	GlobalSection(SolutionProperties) = preSolution
		HideSolutionNode = FALSE
	EndGlobalSection
	GlobalSection(ExtensibilityGlobals) = postSolution
		SolutionGuid = {3360738F-4E75-4C67-81E6-8A9DD3BC83EA}
	EndGlobalSection
EndGlobal
