
Microsoft Visual Studio Solution File, Format Version 12.00
# Visual Studio 15
VisualStudioVersion = 15.0.27703.2047
MinimumVisualStudioVersion = 10.0.40219.1
Project("{FAE04EC0-301F-11D3-BF4B-00C04F79EFBC}") = "Ejercicio 63", "Ejercicio 63\Ejercicio 63.csproj", "{189E785B-A2BA-441F-A2E0-6143E141A181}"
EndProject
Project("{FAE04EC0-301F-11D3-BF4B-00C04F79EFBC}") = "Ejercicio 67", "Ejercicio 67\Ejercicio 67.csproj", "{DD94286B-2DD1-4890-9860-70D1910A96C2}"
EndProject
Global
	GlobalSection(SolutionConfigurationPlatforms) = preSolution
		Debug|Any CPU = Debug|Any CPU
		Release|Any CPU = Release|Any CPU
	EndGlobalSection
	GlobalSection(ProjectConfigurationPlatforms) = postSolution
		{189E785B-A2BA-441F-A2E0-6143E141A181}.Debug|Any CPU.ActiveCfg = Debug|Any CPU
		{189E785B-A2BA-441F-A2E0-6143E141A181}.Debug|Any CPU.Build.0 = Debug|Any CPU
		{189E785B-A2BA-441F-A2E0-6143E141A181}.Release|Any CPU.ActiveCfg = Release|Any CPU
		{189E785B-A2BA-441F-A2E0-6143E141A181}.Release|Any CPU.Build.0 = Release|Any CPU
		{DD94286B-2DD1-4890-9860-70D1910A96C2}.Debug|Any CPU.ActiveCfg = Debug|Any CPU
		{DD94286B-2DD1-4890-9860-70D1910A96C2}.Debug|Any CPU.Build.0 = Debug|Any CPU
		{DD94286B-2DD1-4890-9860-70D1910A96C2}.Release|Any CPU.ActiveCfg = Release|Any CPU
		{DD94286B-2DD1-4890-9860-70D1910A96C2}.Release|Any CPU.Build.0 = Release|Any CPU
	EndGlobalSection
	GlobalSection(SolutionProperties) = preSolution
		HideSolutionNode = FALSE
	EndGlobalSection
	GlobalSection(ExtensibilityGlobals) = postSolution
		SolutionGuid = {C22D19E4-DE05-415C-B8CA-77D49086FD28}
	EndGlobalSection
EndGlobal
