
Microsoft Visual Studio Solution File, Format Version 12.00
# Visual Studio 15
VisualStudioVersion = 15.0.27703.2047
MinimumVisualStudioVersion = 10.0.40219.1
Project("{FAE04EC0-301F-11D3-BF4B-00C04F79EFBC}") = "Entidades(Ejercicio 42)", "Entidades\Entidades(Ejercicio 42).csproj", "{1337EBEB-2D87-4FAB-AE27-5ED45DCF9478}"
EndProject
Project("{FAE04EC0-301F-11D3-BF4B-00C04F79EFBC}") = "Consola(Ejercicio 42)", "Consola\Consola(Ejercicio 42).csproj", "{60225919-717F-40CA-88E8-368AF0C56CD2}"
EndProject
Project("{FAE04EC0-301F-11D3-BF4B-00C04F79EFBC}") = "UnitTest(Ejercicio 45)", "UnitTest(Ejercicio 45)\UnitTest(Ejercicio 45).csproj", "{F4D831A8-F489-4586-BE24-1DD4DF27D892}"
EndProject
Global
	GlobalSection(SolutionConfigurationPlatforms) = preSolution
		Debug|Any CPU = Debug|Any CPU
		Release|Any CPU = Release|Any CPU
	EndGlobalSection
	GlobalSection(ProjectConfigurationPlatforms) = postSolution
		{1337EBEB-2D87-4FAB-AE27-5ED45DCF9478}.Debug|Any CPU.ActiveCfg = Debug|Any CPU
		{1337EBEB-2D87-4FAB-AE27-5ED45DCF9478}.Debug|Any CPU.Build.0 = Debug|Any CPU
		{1337EBEB-2D87-4FAB-AE27-5ED45DCF9478}.Release|Any CPU.ActiveCfg = Release|Any CPU
		{1337EBEB-2D87-4FAB-AE27-5ED45DCF9478}.Release|Any CPU.Build.0 = Release|Any CPU
		{60225919-717F-40CA-88E8-368AF0C56CD2}.Debug|Any CPU.ActiveCfg = Debug|Any CPU
		{60225919-717F-40CA-88E8-368AF0C56CD2}.Debug|Any CPU.Build.0 = Debug|Any CPU
		{60225919-717F-40CA-88E8-368AF0C56CD2}.Release|Any CPU.ActiveCfg = Release|Any CPU
		{60225919-717F-40CA-88E8-368AF0C56CD2}.Release|Any CPU.Build.0 = Release|Any CPU
		{F4D831A8-F489-4586-BE24-1DD4DF27D892}.Debug|Any CPU.ActiveCfg = Debug|Any CPU
		{F4D831A8-F489-4586-BE24-1DD4DF27D892}.Debug|Any CPU.Build.0 = Debug|Any CPU
		{F4D831A8-F489-4586-BE24-1DD4DF27D892}.Release|Any CPU.ActiveCfg = Release|Any CPU
		{F4D831A8-F489-4586-BE24-1DD4DF27D892}.Release|Any CPU.Build.0 = Release|Any CPU
	EndGlobalSection
	GlobalSection(SolutionProperties) = preSolution
		HideSolutionNode = FALSE
	EndGlobalSection
	GlobalSection(ExtensibilityGlobals) = postSolution
		SolutionGuid = {06F6E449-96DD-4E86-B7C0-93B103FDC6CE}
	EndGlobalSection
EndGlobal
