
Microsoft Visual Studio Solution File, Format Version 12.00
# Visual Studio Version 16
VisualStudioVersion = 16.0.29215.179
MinimumVisualStudioVersion = 10.0.40219.1
Project("{FAE04EC0-301F-11D3-BF4B-00C04F79EFBC}") = "Notepad", "Notepad\Notepad.csproj", "{9CD92A1F-6019-4A23-85F4-8994913DF2AB}"
EndProject
Global
	GlobalSection(SolutionConfigurationPlatforms) = preSolution
		Debug|Any CPU = Debug|Any CPU
		Release|Any CPU = Release|Any CPU
	EndGlobalSection
	GlobalSection(ProjectConfigurationPlatforms) = postSolution
		{9CD92A1F-6019-4A23-85F4-8994913DF2AB}.Debug|Any CPU.ActiveCfg = Debug|Any CPU
		{9CD92A1F-6019-4A23-85F4-8994913DF2AB}.Debug|Any CPU.Build.0 = Debug|Any CPU
		{9CD92A1F-6019-4A23-85F4-8994913DF2AB}.Release|Any CPU.ActiveCfg = Release|Any CPU
		{9CD92A1F-6019-4A23-85F4-8994913DF2AB}.Release|Any CPU.Build.0 = Release|Any CPU
	EndGlobalSection
	GlobalSection(SolutionProperties) = preSolution
		HideSolutionNode = FALSE
	EndGlobalSection
	GlobalSection(ExtensibilityGlobals) = postSolution
		SolutionGuid = {BD7C786C-13E4-4647-BF4E-0F29D22AE68D}
	EndGlobalSection
EndGlobal
