
Microsoft Visual Studio Solution File, Format Version 12.00
# Visual Studio Version 16
VisualStudioVersion = 16.0.29215.179
MinimumVisualStudioVersion = 10.0.40219.1
Project("{FAE04EC0-301F-11D3-BF4B-00C04F79EFBC}") = "Entidades", "Entidades\Entidades.csproj", "{D3E74A00-F0B4-444B-8AED-7861C9D333E0}"
EndProject
Project("{FAE04EC0-301F-11D3-BF4B-00C04F79EFBC}") = "TestConsola", "TestConsola\TestConsola.csproj", "{799D53E4-11C7-4E1D-BE5F-A02105EC43B6}"
EndProject
Global
	GlobalSection(SolutionConfigurationPlatforms) = preSolution
		Debug|Any CPU = Debug|Any CPU
		Release|Any CPU = Release|Any CPU
	EndGlobalSection
	GlobalSection(ProjectConfigurationPlatforms) = postSolution
		{D3E74A00-F0B4-444B-8AED-7861C9D333E0}.Debug|Any CPU.ActiveCfg = Debug|Any CPU
		{D3E74A00-F0B4-444B-8AED-7861C9D333E0}.Debug|Any CPU.Build.0 = Debug|Any CPU
		{D3E74A00-F0B4-444B-8AED-7861C9D333E0}.Release|Any CPU.ActiveCfg = Release|Any CPU
		{D3E74A00-F0B4-444B-8AED-7861C9D333E0}.Release|Any CPU.Build.0 = Release|Any CPU
		{799D53E4-11C7-4E1D-BE5F-A02105EC43B6}.Debug|Any CPU.ActiveCfg = Debug|Any CPU
		{799D53E4-11C7-4E1D-BE5F-A02105EC43B6}.Debug|Any CPU.Build.0 = Debug|Any CPU
		{799D53E4-11C7-4E1D-BE5F-A02105EC43B6}.Release|Any CPU.ActiveCfg = Release|Any CPU
		{799D53E4-11C7-4E1D-BE5F-A02105EC43B6}.Release|Any CPU.Build.0 = Release|Any CPU
	EndGlobalSection
	GlobalSection(SolutionProperties) = preSolution
		HideSolutionNode = FALSE
	EndGlobalSection
	GlobalSection(ExtensibilityGlobals) = postSolution
		SolutionGuid = {BD0A3447-2533-4EC7-9E03-04A7F516BA6E}
	EndGlobalSection
EndGlobal
