
Microsoft Visual Studio Solution File, Format Version 12.00
# Visual Studio 15
VisualStudioVersion = 15.0.27703.2047
MinimumVisualStudioVersion = 10.0.40219.1
Project("{FAE04EC0-301F-11D3-BF4B-00C04F79EFBC}") = "Clase8", "Clase8\Clase8.csproj", "{95DD95A1-08FC-4EAA-8FC2-990EC901BE5C}"
EndProject
Project("{FAE04EC0-301F-11D3-BF4B-00C04F79EFBC}") = "ClassLibrary1", "ClassLibrary1\ClassLibrary1.csproj", "{3A1A0E45-88ED-4584-B135-492219F535DA}"
EndProject
Global
	GlobalSection(SolutionConfigurationPlatforms) = preSolution
		Debug|Any CPU = Debug|Any CPU
		Release|Any CPU = Release|Any CPU
	EndGlobalSection
	GlobalSection(ProjectConfigurationPlatforms) = postSolution
		{95DD95A1-08FC-4EAA-8FC2-990EC901BE5C}.Debug|Any CPU.ActiveCfg = Debug|Any CPU
		{95DD95A1-08FC-4EAA-8FC2-990EC901BE5C}.Debug|Any CPU.Build.0 = Debug|Any CPU
		{95DD95A1-08FC-4EAA-8FC2-990EC901BE5C}.Release|Any CPU.ActiveCfg = Release|Any CPU
		{95DD95A1-08FC-4EAA-8FC2-990EC901BE5C}.Release|Any CPU.Build.0 = Release|Any CPU
		{3A1A0E45-88ED-4584-B135-492219F535DA}.Debug|Any CPU.ActiveCfg = Debug|Any CPU
		{3A1A0E45-88ED-4584-B135-492219F535DA}.Debug|Any CPU.Build.0 = Debug|Any CPU
		{3A1A0E45-88ED-4584-B135-492219F535DA}.Release|Any CPU.ActiveCfg = Release|Any CPU
		{3A1A0E45-88ED-4584-B135-492219F535DA}.Release|Any CPU.Build.0 = Release|Any CPU
	EndGlobalSection
	GlobalSection(SolutionProperties) = preSolution
		HideSolutionNode = FALSE
	EndGlobalSection
	GlobalSection(ExtensibilityGlobals) = postSolution
		SolutionGuid = {0482299A-9B5F-42C6-A485-70F3E3745CE1}
	EndGlobalSection
EndGlobal
