
Microsoft Visual Studio Solution File, Format Version 12.00
# Visual Studio 15
VisualStudioVersion = 15.0.27703.2047
MinimumVisualStudioVersion = 10.0.40219.1
Project("{FAE04EC0-301F-11D3-BF4B-00C04F79EFBC}") = "Entidades", "Entidades\Entidades.csproj", "{07AF5E26-20D1-4FFE-BE4C-7E727103CDFC}"
EndProject
Project("{FAE04EC0-301F-11D3-BF4B-00C04F79EFBC}") = "WindowsForm", "WindowsForm\WindowsForm.csproj", "{B733D946-1C47-448F-8EBA-7146F8075AB6}"
EndProject
Global
	GlobalSection(SolutionConfigurationPlatforms) = preSolution
		Debug|Any CPU = Debug|Any CPU
		Release|Any CPU = Release|Any CPU
	EndGlobalSection
	GlobalSection(ProjectConfigurationPlatforms) = postSolution
		{07AF5E26-20D1-4FFE-BE4C-7E727103CDFC}.Debug|Any CPU.ActiveCfg = Debug|Any CPU
		{07AF5E26-20D1-4FFE-BE4C-7E727103CDFC}.Debug|Any CPU.Build.0 = Debug|Any CPU
		{07AF5E26-20D1-4FFE-BE4C-7E727103CDFC}.Release|Any CPU.ActiveCfg = Release|Any CPU
		{07AF5E26-20D1-4FFE-BE4C-7E727103CDFC}.Release|Any CPU.Build.0 = Release|Any CPU
		{B733D946-1C47-448F-8EBA-7146F8075AB6}.Debug|Any CPU.ActiveCfg = Debug|Any CPU
		{B733D946-1C47-448F-8EBA-7146F8075AB6}.Debug|Any CPU.Build.0 = Debug|Any CPU
		{B733D946-1C47-448F-8EBA-7146F8075AB6}.Release|Any CPU.ActiveCfg = Release|Any CPU
		{B733D946-1C47-448F-8EBA-7146F8075AB6}.Release|Any CPU.Build.0 = Release|Any CPU
	EndGlobalSection
	GlobalSection(SolutionProperties) = preSolution
		HideSolutionNode = FALSE
	EndGlobalSection
	GlobalSection(ExtensibilityGlobals) = postSolution
		SolutionGuid = {67C60460-DCFD-4FE2-82DF-ED281844B277}
	EndGlobalSection
EndGlobal
