
Microsoft Visual Studio Solution File, Format Version 12.00
# Visual Studio Version 16
VisualStudioVersion = 16.0.29215.179
MinimumVisualStudioVersion = 10.0.40219.1
Project("{FAE04EC0-301F-11D3-BF4B-00C04F79EFBC}") = "57", "57\57.csproj", "{DB1630F9-F831-433C-844B-164BEC8C450E}"
EndProject
Global
	GlobalSection(SolutionConfigurationPlatforms) = preSolution
		Debug|Any CPU = Debug|Any CPU
		Release|Any CPU = Release|Any CPU
	EndGlobalSection
	GlobalSection(ProjectConfigurationPlatforms) = postSolution
		{DB1630F9-F831-433C-844B-164BEC8C450E}.Debug|Any CPU.ActiveCfg = Debug|Any CPU
		{DB1630F9-F831-433C-844B-164BEC8C450E}.Debug|Any CPU.Build.0 = Debug|Any CPU
		{DB1630F9-F831-433C-844B-164BEC8C450E}.Release|Any CPU.ActiveCfg = Release|Any CPU
		{DB1630F9-F831-433C-844B-164BEC8C450E}.Release|Any CPU.Build.0 = Release|Any CPU
	EndGlobalSection
	GlobalSection(SolutionProperties) = preSolution
		HideSolutionNode = FALSE
	EndGlobalSection
	GlobalSection(ExtensibilityGlobals) = postSolution
		SolutionGuid = {24BF5E72-76CC-41BD-91BA-84FF2443F2CF}
	EndGlobalSection
EndGlobal
