
Microsoft Visual Studio Solution File, Format Version 12.00
# Visual Studio 15
VisualStudioVersion = 15.0.27703.2047
MinimumVisualStudioVersion = 10.0.40219.1
Project("{FAE04EC0-301F-11D3-BF4B-00C04F79EFBC}") = "EjercicioX", "EjercicioX\EjercicioX.csproj", "{2FDCC01F-8838-4E7C-84A9-5F8FB1F461B3}"
EndProject
Global
	GlobalSection(SolutionConfigurationPlatforms) = preSolution
		Debug|Any CPU = Debug|Any CPU
		Release|Any CPU = Release|Any CPU
	EndGlobalSection
	GlobalSection(ProjectConfigurationPlatforms) = postSolution
		{2FDCC01F-8838-4E7C-84A9-5F8FB1F461B3}.Debug|Any CPU.ActiveCfg = Debug|Any CPU
		{2FDCC01F-8838-4E7C-84A9-5F8FB1F461B3}.Debug|Any CPU.Build.0 = Debug|Any CPU
		{2FDCC01F-8838-4E7C-84A9-5F8FB1F461B3}.Release|Any CPU.ActiveCfg = Release|Any CPU
		{2FDCC01F-8838-4E7C-84A9-5F8FB1F461B3}.Release|Any CPU.Build.0 = Release|Any CPU
	EndGlobalSection
	GlobalSection(SolutionProperties) = preSolution
		HideSolutionNode = FALSE
	EndGlobalSection
	GlobalSection(ExtensibilityGlobals) = postSolution
		SolutionGuid = {ECDF35C3-B816-4B55-AF33-959DCD003244}
	EndGlobalSection
EndGlobal
